
Microsoft Visual Studio Solution File, Format Version 12.00
# Visual Studio Version 16
VisualStudioVersion = 16.0.31112.23
MinimumVisualStudioVersion = 10.0.40219.1
Project("{FAE04EC0-301F-11D3-BF4B-00C04F79EFBC}") = "ConsumoAPIWindowsForms", "ConsumoAPIWindowsForms\ConsumoAPIWindowsForms.csproj", "{3FA0E2E3-D4DE-4603-97B3-22214332575D}"
EndProject
Global
	GlobalSection(SolutionConfigurationPlatforms) = preSolution
		Debug|Any CPU = Debug|Any CPU
		Release|Any CPU = Release|Any CPU
	EndGlobalSection
	GlobalSection(ProjectConfigurationPlatforms) = postSolution
		{3FA0E2E3-D4DE-4603-97B3-22214332575D}.Debug|Any CPU.ActiveCfg = Debug|Any CPU
		{3FA0E2E3-D4DE-4603-97B3-22214332575D}.Debug|Any CPU.Build.0 = Debug|Any CPU
		{3FA0E2E3-D4DE-4603-97B3-22214332575D}.Release|Any CPU.ActiveCfg = Release|Any CPU
		{3FA0E2E3-D4DE-4603-97B3-22214332575D}.Release|Any CPU.Build.0 = Release|Any CPU
	EndGlobalSection
	GlobalSection(SolutionProperties) = preSolution
		HideSolutionNode = FALSE
	EndGlobalSection
	GlobalSection(ExtensibilityGlobals) = postSolution
		SolutionGuid = {6D52EF34-4206-461D-A211-28A8A62B812F}
	EndGlobalSection
EndGlobal
